// !$*UTF8*$!
{
	archiveVersion = 1;
	classes = {
	};
	objectVersion = 46;
	objects = {

/* Begin PBXBuildFile section */
		5F1BD411201AFDDB00C18F95 /* main.cpp in Sources */ = {isa = PBXBuildFile; fileRef = 5F1BD410201AFDDB00C18F95 /* main.cpp */; };
		5FB7DCD3201C698500A8E89C /* example.c in Sources */ = {isa = PBXBuildFile; fileRef = 5FB7DCD1201C698500A8E89C /* example.c */; };
		5FB7DCDB201C6E6900A8E89C /* libhiredis.dylib in Frameworks */ = {isa = PBXBuildFile; fileRef = 5FB7DCCF201C675200A8E89C /* libhiredis.dylib */; };
/* End PBXBuildFile section */

/* Begin PBXCopyFilesBuildPhase section */
		5F1BD40B201AFDDB00C18F95 /* CopyFiles */ = {
			isa = PBXCopyFilesBuildPhase;
			buildActionMask = 2147483647;
			dstPath = /usr/share/man/man1/;
			dstSubfolderSpec = 0;
			files = (
			);
			runOnlyForDeploymentPostprocessing = 1;
		};
/* End PBXCopyFilesBuildPhase section */

/* Begin PBXFileReference section */
		5F1BD40D201AFDDB00C18F95 /* TestRedisX */ = {isa = PBXFileReference; explicitFileType = "compiled.mach-o.executable"; includeInIndex = 0; path = TestRedisX; sourceTree = BUILT_PRODUCTS_DIR; };
		5F1BD410201AFDDB00C18F95 /* main.cpp */ = {isa = PBXFileReference; lastKnownFileType = sourcecode.cpp.cpp; path = main.cpp; sourceTree = "<group>"; };
		5FB7DCCF201C675200A8E89C /* libhiredis.dylib */ = {isa = PBXFileReference; lastKnownFileType = "compiled.mach-o.dylib"; name = libhiredis.dylib; path = ../../../../../../../usr/local/install/hiredis/libhiredis.dylib; sourceTree = "<group>"; };
		5FB7DCD1201C698500A8E89C /* example.c */ = {isa = PBXFileReference; fileEncoding = 4; lastKnownFileType = sourcecode.c.c; path = example.c; sourceTree = "<group>"; };
		5FB7DCD2201C698500A8E89C /* example.h */ = {isa = PBXFileReference; fileEncoding = 4; lastKnownFileType = sourcecode.c.h; path = example.h; sourceTree = "<group>"; };
		5FB7DCD4201C6ADC00A8E89C /* protobuf */ = {isa = PBXFileReference; lastKnownFileType = folder; name = protobuf; path = ../../../../../../../usr/local/install/protobuf; sourceTree = "<group>"; };
		5FB7DCD6201C6B0F00A8E89C /* libhiredis.a */ = {isa = PBXFileReference; lastKnownFileType = archive.ar; name = libhiredis.a; path = ../../../../../../../usr/local/install/hiredis/libhiredis.a; sourceTree = "<group>"; };
/* End PBXFileReference section */

/* Begin PBXFrameworksBuildPhase section */
		5F1BD40A201AFDDB00C18F95 /* Frameworks */ = {
			isa = PBXFrameworksBuildPhase;
			buildActionMask = 2147483647;
			files = (
				5FB7DCDB201C6E6900A8E89C /* libhiredis.dylib in Frameworks */,
			);
			runOnlyForDeploymentPostprocessing = 0;
		};
/* End PBXFrameworksBuildPhase section */

/* Begin PBXGroup section */
		5F1BD404201AFDDB00C18F95 = {
			isa = PBXGroup;
			children = (
				5F1BD40F201AFDDB00C18F95 /* TestRedisX */,
				5F1BD40E201AFDDB00C18F95 /* Products */,
				5FB7DCCE201C675100A8E89C /* Frameworks */,
			);
			sourceTree = "<group>";
		};
		5F1BD40E201AFDDB00C18F95 /* Products */ = {
			isa = PBXGroup;
			children = (
				5F1BD40D201AFDDB00C18F95 /* TestRedisX */,
			);
			name = Products;
			sourceTree = "<group>";
		};
		5F1BD40F201AFDDB00C18F95 /* TestRedisX */ = {
			isa = PBXGroup;
			children = (
				5F1BD410201AFDDB00C18F95 /* main.cpp */,
				5FB7DCD1201C698500A8E89C /* example.c */,
				5FB7DCD2201C698500A8E89C /* example.h */,
			);
			path = TestRedisX;
			sourceTree = "<group>";
		};
		5FB7DCCE201C675100A8E89C /* Frameworks */ = {
			isa = PBXGroup;
			children = (
				5FB7DCD6201C6B0F00A8E89C /* libhiredis.a */,
				5FB7DCD4201C6ADC00A8E89C /* protobuf */,
				5FB7DCCF201C675200A8E89C /* libhiredis.dylib */,
			);
			name = Frameworks;
			sourceTree = "<group>";
		};
/* End PBXGroup section */

/* Begin PBXNativeTarget section */
		5F1BD40C201AFDDB00C18F95 /* TestRedisX */ = {
			isa = PBXNativeTarget;
			buildConfigurationList = 5F1BD414201AFDDB00C18F95 /* Build configuration list for PBXNativeTarget "TestRedisX" */;
			buildPhases = (
				5F1BD409201AFDDB00C18F95 /* Sources */,
				5F1BD40A201AFDDB00C18F95 /* Frameworks */,
				5F1BD40B201AFDDB00C18F95 /* CopyFiles */,
			);
			buildRules = (
			);
			dependencies = (
			);
			name = TestRedisX;
			productName = TestRedisX;
			productReference = 5F1BD40D201AFDDB00C18F95 /* TestRedisX */;
			productType = "com.apple.product-type.tool";
		};
/* End PBXNativeTarget section */

/* Begin PBXProject section */
		5F1BD405201AFDDB00C18F95 /* Project object */ = {
			isa = PBXProject;
			attributes = {
				LastUpgradeCheck = 0820;
				ORGANIZATIONNAME = pix;
				TargetAttributes = {
					5F1BD40C201AFDDB00C18F95 = {
						CreatedOnToolsVersion = 8.2.1;
						ProvisioningStyle = Automatic;
					};
				};
			};
			buildConfigurationList = 5F1BD408201AFDDB00C18F95 /* Build configuration list for PBXProject "TestRedisX" */;
			compatibilityVersion = "Xcode 3.2";
			developmentRegion = English;
			hasScannedForEncodings = 0;
			knownRegions = (
				en,
			);
			mainGroup = 5F1BD404201AFDDB00C18F95;
			productRefGroup = 5F1BD40E201AFDDB00C18F95 /* Products */;
			projectDirPath = "";
			projectRoot = "";
			targets = (
				5F1BD40C201AFDDB00C18F95 /* TestRedisX */,
			);
		};
/* End PBXProject section */

/* Begin PBXSourcesBuildPhase section */
		5F1BD409201AFDDB00C18F95 /* Sources */ = {
			isa = PBXSourcesBuildPhase;
			buildActionMask = 2147483647;
			files = (
				5FB7DCD3201C698500A8E89C /* example.c in Sources */,
				5F1BD411201AFDDB00C18F95 /* main.cpp in Sources */,
			);
			runOnlyForDeploymentPostprocessing = 0;
		};
/* End PBXSourcesBuildPhase section */

/* Begin XCBuildConfiguration section */
		5F1BD412201AFDDB00C18F95 /* Debug */ = {
			isa = XCBuildConfiguration;
			buildSettings = {
				ALWAYS_SEARCH_USER_PATHS = NO;
				CLANG_ANALYZER_NONNULL = YES;
				CLANG_CXX_LANGUAGE_STANDARD = "gnu++0x";
				CLANG_CXX_LIBRARY = "libc++";
				CLANG_ENABLE_MODULES = YES;
				CLANG_ENABLE_OBJC_ARC = YES;
				CLANG_WARN_BOOL_CONVERSION = YES;
				CLANG_WARN_CONSTANT_CONVERSION = YES;
				CLANG_WARN_DIRECT_OBJC_ISA_USAGE = YES_ERROR;
				CLANG_WARN_DOCUMENTATION_COMMENTS = YES;
				CLANG_WARN_EMPTY_BODY = YES;
				CLANG_WARN_ENUM_CONVERSION = YES;
				CLANG_WARN_INFINITE_RECURSION = YES;
				CLANG_WARN_INT_CONVERSION = YES;
				CLANG_WARN_OBJC_ROOT_CLASS = YES_ERROR;
				CLANG_WARN_SUSPICIOUS_MOVE = YES;
				CLANG_WARN_UNREACHABLE_CODE = YES;
				CLANG_WARN__DUPLICATE_METHOD_MATCH = YES;
				CODE_SIGN_IDENTITY = "-";
				COPY_PHASE_STRIP = NO;
				DEBUG_INFORMATION_FORMAT = dwarf;
				ENABLE_STRICT_OBJC_MSGSEND = YES;
				ENABLE_TESTABILITY = YES;
				GCC_C_LANGUAGE_STANDARD = gnu99;
				GCC_DYNAMIC_NO_PIC = NO;
				GCC_NO_COMMON_BLOCKS = YES;
				GCC_OPTIMIZATION_LEVEL = 0;
				GCC_PREPROCESSOR_DEFINITIONS = (
					"DEBUG=1",
					"$(inherited)",
				);
				GCC_WARN_64_TO_32_BIT_CONVERSION = YES;
				GCC_WARN_ABOUT_RETURN_TYPE = YES_ERROR;
				GCC_WARN_UNDECLARED_SELECTOR = YES;
				GCC_WARN_UNINITIALIZED_AUTOS = YES_AGGRESSIVE;
				GCC_WARN_UNUSED_FUNCTION = YES;
				GCC_WARN_UNUSED_VARIABLE = YES;
				MACOSX_DEPLOYMENT_TARGET = 10.12;
				MTL_ENABLE_DEBUG_INFO = YES;
				ONLY_ACTIVE_ARCH = YES;
				SDKROOT = macosx;
			};
			name = Debug;
		};
		5F1BD413201AFDDB00C18F95 /* Release */ = {
			isa = XCBuildConfiguration;
			buildSettings = {
				ALWAYS_SEARCH_USER_PATHS = NO;
				CLANG_ANALYZER_NONNULL = YES;
				CLANG_CXX_LANGUAGE_STANDARD = "gnu++0x";
				CLANG_CXX_LIBRARY = "libc++";
				CLANG_ENABLE_MODULES = YES;
				CLANG_ENABLE_OBJC_ARC = YES;
				CLANG_WARN_BOOL_CONVERSION = YES;
				CLANG_WARN_CONSTANT_CONVERSION = YES;
				CLANG_WARN_DIRECT_OBJC_ISA_USAGE = YES_ERROR;
				CLANG_WARN_DOCUMENTATION_COMMENTS = YES;
				CLANG_WARN_EMPTY_BODY = YES;
				CLANG_WARN_ENUM_CONVERSION = YES;
				CLANG_WARN_INFINITE_RECURSION = YES;
				CLANG_WARN_INT_CONVERSION = YES;
				CLANG_WARN_OBJC_ROOT_CLASS = YES_ERROR;
				CLANG_WARN_SUSPICIOUS_MOVE = YES;
				CLANG_WARN_UNREACHABLE_CODE = YES;
				CLANG_WARN__DUPLICATE_METHOD_MATCH = YES;
				CODE_SIGN_IDENTITY = "-";
				COPY_PHASE_STRIP = NO;
				DEBUG_INFORMATION_FORMAT = "dwarf-with-dsym";
				ENABLE_NS_ASSERTIONS = NO;
				ENABLE_STRICT_OBJC_MSGSEND = YES;
				GCC_C_LANGUAGE_STANDARD = gnu99;
				GCC_NO_COMMON_BLOCKS = YES;
				GCC_WARN_64_TO_32_BIT_CONVERSION = YES;
				GCC_WARN_ABOUT_RETURN_TYPE = YES_ERROR;
				GCC_WARN_UNDECLARED_SELECTOR = YES;
				GCC_WARN_UNINITIALIZED_AUTOS = YES_AGGRESSIVE;
				GCC_WARN_UNUSED_FUNCTION = YES;
				GCC_WARN_UNUSED_VARIABLE = YES;
				MACOSX_DEPLOYMENT_TARGET = 10.12;
				MTL_ENABLE_DEBUG_INFO = NO;
				SDKROOT = macosx;
			};
			name = Release;
		};
		5F1BD415201AFDDB00C18F95 /* Debug */ = {
			isa = XCBuildConfiguration;
			buildSettings = {
				HEADER_SEARCH_PATHS = /usr/local/install/hiredis;
				LIBRARY_SEARCH_PATHS = (
					"$(inherited)",
					/usr/local/install/hiredis,
				);
				PRODUCT_NAME = "$(TARGET_NAME)";
			};
			name = Debug;
		};
		5F1BD416201AFDDB00C18F95 /* Release */ = {
			isa = XCBuildConfiguration;
			buildSettings = {
				HEADER_SEARCH_PATHS = /usr/local/install/hiredis;
				LIBRARY_SEARCH_PATHS = (
					"$(inherited)",
					/usr/local/install/hiredis,
				);
				PRODUCT_NAME = "$(TARGET_NAME)";
			};
			name = Release;
		};
/* End XCBuildConfiguration section */

/* Begin XCConfigurationList section */
		5F1BD408201AFDDB00C18F95 /* Build configuration list for PBXProject "TestRedisX" */ = {
			isa = XCConfigurationList;
			buildConfigurations = (
				5F1BD412201AFDDB00C18F95 /* Debug */,
				5F1BD413201AFDDB00C18F95 /* Release */,
			);
			defaultConfigurationIsVisible = 0;
			defaultConfigurationName = Release;
		};
		5F1BD414201AFDDB00C18F95 /* Build configuration list for PBXNativeTarget "TestRedisX" */ = {
			isa = XCConfigurationList;
			buildConfigurations = (
				5F1BD415201AFDDB00C18F95 /* Debug */,
				5F1BD416201AFDDB00C18F95 /* Release */,
			);
			defaultConfigurationIsVisible = 0;
			defaultConfigurationName = Release;
		};
/* End XCConfigurationList section */
	};
	rootObject = 5F1BD405201AFDDB00C18F95 /* Project object */;
}
