// !$*UTF8*$!
{
	archiveVersion = 1;
	classes = {
	};
	objectVersion = 46;
	objects = {

/* Begin PBXBuildFile section */
		5FE60663201DCE0400C02EBE /* liblog4cplus-1.2.5.dylib in Frameworks */ = {isa = PBXBuildFile; fileRef = 5FE60662201DCE0400C02EBE /* liblog4cplus-1.2.5.dylib */; };
		5FE60669201DDCA700C02EBE /* main.cpp in Sources */ = {isa = PBXBuildFile; fileRef = 5FE60668201DDCA700C02EBE /* main.cpp */; };
/* End PBXBuildFile section */

/* Begin PBXCopyFilesBuildPhase section */
		5FE60650201DBD5700C02EBE /* CopyFiles */ = {
			isa = PBXCopyFilesBuildPhase;
			buildActionMask = 2147483647;
			dstPath = /usr/share/man/man1/;
			dstSubfolderSpec = 0;
			files = (
			);
			runOnlyForDeploymentPostprocessing = 1;
		};
/* End PBXCopyFilesBuildPhase section */

/* Begin PBXFileReference section */
		5FE60652201DBD5700C02EBE /* CppLog4cplusX */ = {isa = PBXFileReference; explicitFileType = "compiled.mach-o.executable"; includeInIndex = 0; path = CppLog4cplusX; sourceTree = BUILT_PRODUCTS_DIR; };
		5FE6065D201DBD7C00C02EBE /* liblog4cpp.6.0.0.dylib */ = {isa = PBXFileReference; lastKnownFileType = "compiled.mach-o.dylib"; name = liblog4cpp.6.0.0.dylib; path = ../../../../../../../usr/local/lib/liblog4cpp.6.0.0.dylib; sourceTree = "<group>"; };
		5FE60662201DCE0400C02EBE /* liblog4cplus-1.2.5.dylib */ = {isa = PBXFileReference; lastKnownFileType = "compiled.mach-o.dylib"; name = "liblog4cplus-1.2.5.dylib"; path = "../../../../../../../usr/local/install/lib/liblog4cplus-1.2.5.dylib"; sourceTree = "<group>"; };
		5FE60666201DDCA700C02EBE /* file1.h */ = {isa = PBXFileReference; fileEncoding = 4; lastKnownFileType = sourcecode.c.h; name = file1.h; path = CppLog4cplusX/file1.h; sourceTree = SOURCE_ROOT; };
		5FE60667201DDCA700C02EBE /* LogUtil.h */ = {isa = PBXFileReference; fileEncoding = 4; lastKnownFileType = sourcecode.c.h; name = LogUtil.h; path = CppLog4cplusX/LogUtil.h; sourceTree = SOURCE_ROOT; };
		5FE60668201DDCA700C02EBE /* main.cpp */ = {isa = PBXFileReference; fileEncoding = 4; lastKnownFileType = sourcecode.cpp.cpp; name = main.cpp; path = CppLog4cplusX/main.cpp; sourceTree = SOURCE_ROOT; };
/* End PBXFileReference section */

/* Begin PBXFrameworksBuildPhase section */
		5FE6064F201DBD5700C02EBE /* Frameworks */ = {
			isa = PBXFrameworksBuildPhase;
			buildActionMask = 2147483647;
			files = (
				5FE60663201DCE0400C02EBE /* liblog4cplus-1.2.5.dylib in Frameworks */,
			);
			runOnlyForDeploymentPostprocessing = 0;
		};
/* End PBXFrameworksBuildPhase section */

/* Begin PBXGroup section */
		5FE60649201DBD5700C02EBE = {
			isa = PBXGroup;
			children = (
				5FE60654201DBD5700C02EBE /* CppLog4cplusX */,
				5FE60653201DBD5700C02EBE /* Products */,
				5FE6065C201DBD7B00C02EBE /* Frameworks */,
			);
			sourceTree = "<group>";
		};
		5FE60653201DBD5700C02EBE /* Products */ = {
			isa = PBXGroup;
			children = (
				5FE60652201DBD5700C02EBE /* CppLog4cplusX */,
			);
			name = Products;
			sourceTree = "<group>";
		};
		5FE60654201DBD5700C02EBE /* CppLog4cplusX */ = {
			isa = PBXGroup;
			children = (
				5FE60666201DDCA700C02EBE /* file1.h */,
				5FE60667201DDCA700C02EBE /* LogUtil.h */,
				5FE60668201DDCA700C02EBE /* main.cpp */,
			);
			name = CppLog4cplusX;
			path = CppLog4cppX;
			sourceTree = "<group>";
		};
		5FE6065C201DBD7B00C02EBE /* Frameworks */ = {
			isa = PBXGroup;
			children = (
				5FE60662201DCE0400C02EBE /* liblog4cplus-1.2.5.dylib */,
				5FE6065D201DBD7C00C02EBE /* liblog4cpp.6.0.0.dylib */,
			);
			name = Frameworks;
			sourceTree = "<group>";
		};
/* End PBXGroup section */

/* Begin PBXNativeTarget section */
		5FE60651201DBD5700C02EBE /* CppLog4cplusX */ = {
			isa = PBXNativeTarget;
			buildConfigurationList = 5FE60659201DBD5700C02EBE /* Build configuration list for PBXNativeTarget "CppLog4cplusX" */;
			buildPhases = (
				5FE6064E201DBD5700C02EBE /* Sources */,
				5FE6064F201DBD5700C02EBE /* Frameworks */,
				5FE60650201DBD5700C02EBE /* CopyFiles */,
			);
			buildRules = (
			);
			dependencies = (
			);
			name = CppLog4cplusX;
			productName = CppLog4cppX;
			productReference = 5FE60652201DBD5700C02EBE /* CppLog4cplusX */;
			productType = "com.apple.product-type.tool";
		};
/* End PBXNativeTarget section */

/* Begin PBXProject section */
		5FE6064A201DBD5700C02EBE /* Project object */ = {
			isa = PBXProject;
			attributes = {
				LastUpgradeCheck = 0820;
				ORGANIZATIONNAME = pix;
				TargetAttributes = {
					5FE60651201DBD5700C02EBE = {
						CreatedOnToolsVersion = 8.2.1;
						ProvisioningStyle = Automatic;
					};
				};
			};
			buildConfigurationList = 5FE6064D201DBD5700C02EBE /* Build configuration list for PBXProject "CppLog4cplusX" */;
			compatibilityVersion = "Xcode 3.2";
			developmentRegion = English;
			hasScannedForEncodings = 0;
			knownRegions = (
				en,
			);
			mainGroup = 5FE60649201DBD5700C02EBE;
			productRefGroup = 5FE60653201DBD5700C02EBE /* Products */;
			projectDirPath = "";
			projectRoot = "";
			targets = (
				5FE60651201DBD5700C02EBE /* CppLog4cplusX */,
			);
		};
/* End PBXProject section */

/* Begin PBXSourcesBuildPhase section */
		5FE6064E201DBD5700C02EBE /* Sources */ = {
			isa = PBXSourcesBuildPhase;
			buildActionMask = 2147483647;
			files = (
				5FE60669201DDCA700C02EBE /* main.cpp in Sources */,
			);
			runOnlyForDeploymentPostprocessing = 0;
		};
/* End PBXSourcesBuildPhase section */

/* Begin XCBuildConfiguration section */
		5FE60657201DBD5700C02EBE /* Debug */ = {
			isa = XCBuildConfiguration;
			buildSettings = {
				ALWAYS_SEARCH_USER_PATHS = NO;
				CLANG_ANALYZER_NONNULL = YES;
				CLANG_CXX_LANGUAGE_STANDARD = "gnu++0x";
				CLANG_CXX_LIBRARY = "libc++";
				CLANG_ENABLE_MODULES = YES;
				CLANG_ENABLE_OBJC_ARC = YES;
				CLANG_WARN_BOOL_CONVERSION = YES;
				CLANG_WARN_CONSTANT_CONVERSION = YES;
				CLANG_WARN_DIRECT_OBJC_ISA_USAGE = YES_ERROR;
				CLANG_WARN_DOCUMENTATION_COMMENTS = YES;
				CLANG_WARN_EMPTY_BODY = YES;
				CLANG_WARN_ENUM_CONVERSION = YES;
				CLANG_WARN_INFINITE_RECURSION = YES;
				CLANG_WARN_INT_CONVERSION = YES;
				CLANG_WARN_OBJC_ROOT_CLASS = YES_ERROR;
				CLANG_WARN_SUSPICIOUS_MOVE = YES;
				CLANG_WARN_UNREACHABLE_CODE = YES;
				CLANG_WARN__DUPLICATE_METHOD_MATCH = YES;
				CODE_SIGN_IDENTITY = "-";
				COPY_PHASE_STRIP = NO;
				DEBUG_INFORMATION_FORMAT = dwarf;
				ENABLE_STRICT_OBJC_MSGSEND = YES;
				ENABLE_TESTABILITY = YES;
				GCC_C_LANGUAGE_STANDARD = gnu99;
				GCC_DYNAMIC_NO_PIC = NO;
				GCC_NO_COMMON_BLOCKS = YES;
				GCC_OPTIMIZATION_LEVEL = 0;
				GCC_PREPROCESSOR_DEFINITIONS = (
					"DEBUG=1",
					"$(inherited)",
				);
				GCC_WARN_64_TO_32_BIT_CONVERSION = YES;
				GCC_WARN_ABOUT_RETURN_TYPE = YES_ERROR;
				GCC_WARN_UNDECLARED_SELECTOR = YES;
				GCC_WARN_UNINITIALIZED_AUTOS = YES_AGGRESSIVE;
				GCC_WARN_UNUSED_FUNCTION = YES;
				GCC_WARN_UNUSED_VARIABLE = YES;
				MACOSX_DEPLOYMENT_TARGET = 10.12;
				MTL_ENABLE_DEBUG_INFO = YES;
				ONLY_ACTIVE_ARCH = YES;
				SDKROOT = macosx;
			};
			name = Debug;
		};
		5FE60658201DBD5700C02EBE /* Release */ = {
			isa = XCBuildConfiguration;
			buildSettings = {
				ALWAYS_SEARCH_USER_PATHS = NO;
				CLANG_ANALYZER_NONNULL = YES;
				CLANG_CXX_LANGUAGE_STANDARD = "gnu++0x";
				CLANG_CXX_LIBRARY = "libc++";
				CLANG_ENABLE_MODULES = YES;
				CLANG_ENABLE_OBJC_ARC = YES;
				CLANG_WARN_BOOL_CONVERSION = YES;
				CLANG_WARN_CONSTANT_CONVERSION = YES;
				CLANG_WARN_DIRECT_OBJC_ISA_USAGE = YES_ERROR;
				CLANG_WARN_DOCUMENTATION_COMMENTS = YES;
				CLANG_WARN_EMPTY_BODY = YES;
				CLANG_WARN_ENUM_CONVERSION = YES;
				CLANG_WARN_INFINITE_RECURSION = YES;
				CLANG_WARN_INT_CONVERSION = YES;
				CLANG_WARN_OBJC_ROOT_CLASS = YES_ERROR;
				CLANG_WARN_SUSPICIOUS_MOVE = YES;
				CLANG_WARN_UNREACHABLE_CODE = YES;
				CLANG_WARN__DUPLICATE_METHOD_MATCH = YES;
				CODE_SIGN_IDENTITY = "-";
				COPY_PHASE_STRIP = NO;
				DEBUG_INFORMATION_FORMAT = "dwarf-with-dsym";
				ENABLE_NS_ASSERTIONS = NO;
				ENABLE_STRICT_OBJC_MSGSEND = YES;
				GCC_C_LANGUAGE_STANDARD = gnu99;
				GCC_NO_COMMON_BLOCKS = YES;
				GCC_WARN_64_TO_32_BIT_CONVERSION = YES;
				GCC_WARN_ABOUT_RETURN_TYPE = YES_ERROR;
				GCC_WARN_UNDECLARED_SELECTOR = YES;
				GCC_WARN_UNINITIALIZED_AUTOS = YES_AGGRESSIVE;
				GCC_WARN_UNUSED_FUNCTION = YES;
				GCC_WARN_UNUSED_VARIABLE = YES;
				MACOSX_DEPLOYMENT_TARGET = 10.12;
				MTL_ENABLE_DEBUG_INFO = NO;
				SDKROOT = macosx;
			};
			name = Release;
		};
		5FE6065A201DBD5700C02EBE /* Debug */ = {
			isa = XCBuildConfiguration;
			buildSettings = {
				CLANG_CXX_LANGUAGE_STANDARD = "gnu++0x";
				CLANG_CXX_LIBRARY = "libc++";
				GCC_PREPROCESSOR_DEFINITIONS = (
					"DEBUG=1",
					"$(inherited)",
				);
				HEADER_SEARCH_PATHS = /usr/local/install/include;
				LIBRARY_SEARCH_PATHS = /usr/local/install/lib;
				PRODUCT_NAME = "$(TARGET_NAME)";
			};
			name = Debug;
		};
		5FE6065B201DBD5700C02EBE /* Release */ = {
			isa = XCBuildConfiguration;
			buildSettings = {
				CLANG_CXX_LANGUAGE_STANDARD = "gnu++0x";
				CLANG_CXX_LIBRARY = "libc++";
				HEADER_SEARCH_PATHS = /usr/local/install/include;
				LIBRARY_SEARCH_PATHS = /usr/local/install/lib;
				PRODUCT_NAME = "$(TARGET_NAME)";
			};
			name = Release;
		};
/* End XCBuildConfiguration section */

/* Begin XCConfigurationList section */
		5FE6064D201DBD5700C02EBE /* Build configuration list for PBXProject "CppLog4cplusX" */ = {
			isa = XCConfigurationList;
			buildConfigurations = (
				5FE60657201DBD5700C02EBE /* Debug */,
				5FE60658201DBD5700C02EBE /* Release */,
			);
			defaultConfigurationIsVisible = 0;
			defaultConfigurationName = Release;
		};
		5FE60659201DBD5700C02EBE /* Build configuration list for PBXNativeTarget "CppLog4cplusX" */ = {
			isa = XCConfigurationList;
			buildConfigurations = (
				5FE6065A201DBD5700C02EBE /* Debug */,
				5FE6065B201DBD5700C02EBE /* Release */,
			);
			defaultConfigurationIsVisible = 0;
			defaultConfigurationName = Release;
		};
/* End XCConfigurationList section */
	};
	rootObject = 5FE6064A201DBD5700C02EBE /* Project object */;
}
