// !$*UTF8*$!
{
	archiveVersion = 1;
	classes = {
	};
	objectVersion = 46;
	objects = {

/* Begin PBXBuildFile section */
		5FC055C01F0F89ED00985799 /* main.c in Sources */ = {isa = PBXBuildFile; fileRef = 5FC055BF1F0F89ED00985799 /* main.c */; };
		5FC055CB1F0F8B4D00985799 /* libsocketclientlib.dylib in Frameworks */ = {isa = PBXBuildFile; fileRef = 5FC055CA1F0F8B4D00985799 /* libsocketclientlib.dylib */; };
/* End PBXBuildFile section */

/* Begin PBXCopyFilesBuildPhase section */
		5FC055BA1F0F89ED00985799 /* CopyFiles */ = {
			isa = PBXCopyFilesBuildPhase;
			buildActionMask = 2147483647;
			dstPath = /usr/share/man/man1/;
			dstSubfolderSpec = 0;
			files = (
			);
			runOnlyForDeploymentPostprocessing = 1;
		};
/* End PBXCopyFilesBuildPhase section */

/* Begin PBXFileReference section */
		5FC055BC1F0F89ED00985799 /* TestDllLib */ = {isa = PBXFileReference; explicitFileType = "compiled.mach-o.executable"; includeInIndex = 0; path = TestDllLib; sourceTree = BUILT_PRODUCTS_DIR; };
		5FC055BF1F0F89ED00985799 /* main.c */ = {isa = PBXFileReference; lastKnownFileType = sourcecode.c.c; path = main.c; sourceTree = "<group>"; };
		5FC055C61F0F8B0C00985799 /* socketclientlib.h */ = {isa = PBXFileReference; fileEncoding = 4; lastKnownFileType = sourcecode.c.h; path = socketclientlib.h; sourceTree = "<group>"; };
		5FC055CA1F0F8B4D00985799 /* libsocketclientlib.dylib */ = {isa = PBXFileReference; lastKnownFileType = "compiled.mach-o.dylib"; path = libsocketclientlib.dylib; sourceTree = "<group>"; };
/* End PBXFileReference section */

/* Begin PBXFrameworksBuildPhase section */
		5FC055B91F0F89ED00985799 /* Frameworks */ = {
			isa = PBXFrameworksBuildPhase;
			buildActionMask = 2147483647;
			files = (
				5FC055CB1F0F8B4D00985799 /* libsocketclientlib.dylib in Frameworks */,
			);
			runOnlyForDeploymentPostprocessing = 0;
		};
/* End PBXFrameworksBuildPhase section */

/* Begin PBXGroup section */
		5FC055B31F0F89ED00985799 = {
			isa = PBXGroup;
			children = (
				5FC055BE1F0F89ED00985799 /* TestDllLib */,
				5FC055BD1F0F89ED00985799 /* Products */,
				5FC055C91F0F8B4D00985799 /* Frameworks */,
			);
			sourceTree = "<group>";
		};
		5FC055BD1F0F89ED00985799 /* Products */ = {
			isa = PBXGroup;
			children = (
				5FC055BC1F0F89ED00985799 /* TestDllLib */,
			);
			name = Products;
			sourceTree = "<group>";
		};
		5FC055BE1F0F89ED00985799 /* TestDllLib */ = {
			isa = PBXGroup;
			children = (
				5FC055C61F0F8B0C00985799 /* socketclientlib.h */,
				5FC055BF1F0F89ED00985799 /* main.c */,
			);
			path = TestDllLib;
			sourceTree = "<group>";
		};
		5FC055C91F0F8B4D00985799 /* Frameworks */ = {
			isa = PBXGroup;
			children = (
				5FC055CA1F0F8B4D00985799 /* libsocketclientlib.dylib */,
			);
			name = Frameworks;
			sourceTree = "<group>";
		};
/* End PBXGroup section */

/* Begin PBXNativeTarget section */
		5FC055BB1F0F89ED00985799 /* TestDllLib */ = {
			isa = PBXNativeTarget;
			buildConfigurationList = 5FC055C31F0F89ED00985799 /* Build configuration list for PBXNativeTarget "TestDllLib" */;
			buildPhases = (
				5FC055B81F0F89ED00985799 /* Sources */,
				5FC055B91F0F89ED00985799 /* Frameworks */,
				5FC055BA1F0F89ED00985799 /* CopyFiles */,
			);
			buildRules = (
			);
			dependencies = (
			);
			name = TestDllLib;
			productName = TestDllLib;
			productReference = 5FC055BC1F0F89ED00985799 /* TestDllLib */;
			productType = "com.apple.product-type.tool";
		};
/* End PBXNativeTarget section */

/* Begin PBXProject section */
		5FC055B41F0F89ED00985799 /* Project object */ = {
			isa = PBXProject;
			attributes = {
				LastUpgradeCheck = 0820;
				ORGANIZATIONNAME = pix;
				TargetAttributes = {
					5FC055BB1F0F89ED00985799 = {
						CreatedOnToolsVersion = 8.2.1;
						ProvisioningStyle = Automatic;
					};
				};
			};
			buildConfigurationList = 5FC055B71F0F89ED00985799 /* Build configuration list for PBXProject "TestDllLib" */;
			compatibilityVersion = "Xcode 3.2";
			developmentRegion = English;
			hasScannedForEncodings = 0;
			knownRegions = (
				en,
			);
			mainGroup = 5FC055B31F0F89ED00985799;
			productRefGroup = 5FC055BD1F0F89ED00985799 /* Products */;
			projectDirPath = "";
			projectRoot = "";
			targets = (
				5FC055BB1F0F89ED00985799 /* TestDllLib */,
			);
		};
/* End PBXProject section */

/* Begin PBXSourcesBuildPhase section */
		5FC055B81F0F89ED00985799 /* Sources */ = {
			isa = PBXSourcesBuildPhase;
			buildActionMask = 2147483647;
			files = (
				5FC055C01F0F89ED00985799 /* main.c in Sources */,
			);
			runOnlyForDeploymentPostprocessing = 0;
		};
/* End PBXSourcesBuildPhase section */

/* Begin XCBuildConfiguration section */
		5FC055C11F0F89ED00985799 /* Debug */ = {
			isa = XCBuildConfiguration;
			buildSettings = {
				ALWAYS_SEARCH_USER_PATHS = NO;
				CLANG_ANALYZER_NONNULL = YES;
				CLANG_CXX_LANGUAGE_STANDARD = "gnu++0x";
				CLANG_CXX_LIBRARY = "libc++";
				CLANG_ENABLE_MODULES = YES;
				CLANG_ENABLE_OBJC_ARC = YES;
				CLANG_WARN_BOOL_CONVERSION = YES;
				CLANG_WARN_CONSTANT_CONVERSION = YES;
				CLANG_WARN_DIRECT_OBJC_ISA_USAGE = YES_ERROR;
				CLANG_WARN_DOCUMENTATION_COMMENTS = YES;
				CLANG_WARN_EMPTY_BODY = YES;
				CLANG_WARN_ENUM_CONVERSION = YES;
				CLANG_WARN_INFINITE_RECURSION = YES;
				CLANG_WARN_INT_CONVERSION = YES;
				CLANG_WARN_OBJC_ROOT_CLASS = YES_ERROR;
				CLANG_WARN_SUSPICIOUS_MOVE = YES;
				CLANG_WARN_UNREACHABLE_CODE = YES;
				CLANG_WARN__DUPLICATE_METHOD_MATCH = YES;
				CODE_SIGN_IDENTITY = "-";
				COPY_PHASE_STRIP = NO;
				DEBUG_INFORMATION_FORMAT = dwarf;
				ENABLE_STRICT_OBJC_MSGSEND = YES;
				ENABLE_TESTABILITY = YES;
				GCC_C_LANGUAGE_STANDARD = gnu99;
				GCC_DYNAMIC_NO_PIC = NO;
				GCC_NO_COMMON_BLOCKS = YES;
				GCC_OPTIMIZATION_LEVEL = 0;
				GCC_PREPROCESSOR_DEFINITIONS = (
					"DEBUG=1",
					"$(inherited)",
				);
				GCC_WARN_64_TO_32_BIT_CONVERSION = YES;
				GCC_WARN_ABOUT_RETURN_TYPE = YES_ERROR;
				GCC_WARN_UNDECLARED_SELECTOR = YES;
				GCC_WARN_UNINITIALIZED_AUTOS = YES_AGGRESSIVE;
				GCC_WARN_UNUSED_FUNCTION = YES;
				GCC_WARN_UNUSED_VARIABLE = YES;
				MACOSX_DEPLOYMENT_TARGET = 10.12;
				MTL_ENABLE_DEBUG_INFO = YES;
				ONLY_ACTIVE_ARCH = YES;
				SDKROOT = macosx;
			};
			name = Debug;
		};
		5FC055C21F0F89ED00985799 /* Release */ = {
			isa = XCBuildConfiguration;
			buildSettings = {
				ALWAYS_SEARCH_USER_PATHS = NO;
				CLANG_ANALYZER_NONNULL = YES;
				CLANG_CXX_LANGUAGE_STANDARD = "gnu++0x";
				CLANG_CXX_LIBRARY = "libc++";
				CLANG_ENABLE_MODULES = YES;
				CLANG_ENABLE_OBJC_ARC = YES;
				CLANG_WARN_BOOL_CONVERSION = YES;
				CLANG_WARN_CONSTANT_CONVERSION = YES;
				CLANG_WARN_DIRECT_OBJC_ISA_USAGE = YES_ERROR;
				CLANG_WARN_DOCUMENTATION_COMMENTS = YES;
				CLANG_WARN_EMPTY_BODY = YES;
				CLANG_WARN_ENUM_CONVERSION = YES;
				CLANG_WARN_INFINITE_RECURSION = YES;
				CLANG_WARN_INT_CONVERSION = YES;
				CLANG_WARN_OBJC_ROOT_CLASS = YES_ERROR;
				CLANG_WARN_SUSPICIOUS_MOVE = YES;
				CLANG_WARN_UNREACHABLE_CODE = YES;
				CLANG_WARN__DUPLICATE_METHOD_MATCH = YES;
				CODE_SIGN_IDENTITY = "-";
				COPY_PHASE_STRIP = NO;
				DEBUG_INFORMATION_FORMAT = "dwarf-with-dsym";
				ENABLE_NS_ASSERTIONS = NO;
				ENABLE_STRICT_OBJC_MSGSEND = YES;
				GCC_C_LANGUAGE_STANDARD = gnu99;
				GCC_NO_COMMON_BLOCKS = YES;
				GCC_WARN_64_TO_32_BIT_CONVERSION = YES;
				GCC_WARN_ABOUT_RETURN_TYPE = YES_ERROR;
				GCC_WARN_UNDECLARED_SELECTOR = YES;
				GCC_WARN_UNINITIALIZED_AUTOS = YES_AGGRESSIVE;
				GCC_WARN_UNUSED_FUNCTION = YES;
				GCC_WARN_UNUSED_VARIABLE = YES;
				MACOSX_DEPLOYMENT_TARGET = 10.12;
				MTL_ENABLE_DEBUG_INFO = NO;
				SDKROOT = macosx;
			};
			name = Release;
		};
		5FC055C41F0F89ED00985799 /* Debug */ = {
			isa = XCBuildConfiguration;
			buildSettings = {
				LIBRARY_SEARCH_PATHS = (
					"$(inherited)",
					"$(PROJECT_DIR)",
				);
				PRODUCT_NAME = "$(TARGET_NAME)";
			};
			name = Debug;
		};
		5FC055C51F0F89ED00985799 /* Release */ = {
			isa = XCBuildConfiguration;
			buildSettings = {
				LIBRARY_SEARCH_PATHS = (
					"$(inherited)",
					"$(PROJECT_DIR)",
				);
				PRODUCT_NAME = "$(TARGET_NAME)";
			};
			name = Release;
		};
/* End XCBuildConfiguration section */

/* Begin XCConfigurationList section */
		5FC055B71F0F89ED00985799 /* Build configuration list for PBXProject "TestDllLib" */ = {
			isa = XCConfigurationList;
			buildConfigurations = (
				5FC055C11F0F89ED00985799 /* Debug */,
				5FC055C21F0F89ED00985799 /* Release */,
			);
			defaultConfigurationIsVisible = 0;
			defaultConfigurationName = Release;
		};
		5FC055C31F0F89ED00985799 /* Build configuration list for PBXNativeTarget "TestDllLib" */ = {
			isa = XCConfigurationList;
			buildConfigurations = (
				5FC055C41F0F89ED00985799 /* Debug */,
				5FC055C51F0F89ED00985799 /* Release */,
			);
			defaultConfigurationIsVisible = 0;
		};
/* End XCConfigurationList section */
	};
	rootObject = 5FC055B41F0F89ED00985799 /* Project object */;
}
